<?xml version="1.0" encoding="utf-8"?>
<Project ToolsVersion="4.0" xmlns="http://schemas.microsoft.com/developer/msbuild/2003">
  <ItemGroup>
    <Filter Include="Generated Files">
      <UniqueIdentifier>{71ED8ED8-ACB9-4CE9-BBE1-E00B30144E11}</UniqueIdentifier>
      <Extensions>cpp;c;cxx;moc;h;def;odl;idl;res;</Extensions>
    </Filter>
    <Filter Include="Generated Files">
      <UniqueIdentifier>{71ED8ED8-ACB9-4CE9-BBE1-E00B30144E11}</UniqueIdentifier>
      <Extensions>cpp;c;cxx;moc;h;def;odl;idl;res;</Extensions>
    </Filter>
    <Filter Include="Header Files">
      <UniqueIdentifier>{93995380-89BD-4b04-88EB-625FBE52EBFB}</UniqueIdentifier>
      <Extensions>h;hpp;hxx;hm;inl;inc;xsd</Extensions>
    </Filter>
    <Filter Include="Header Files">
      <UniqueIdentifier>{93995380-89BD-4b04-88EB-625FBE52EBFB}</UniqueIdentifier>
      <Extensions>h;hpp;hxx;hm;inl;inc;xsd</Extensions>
    </Filter>
    <Filter Include="Resource Files">
      <UniqueIdentifier>{D9D6E242-F8AF-46E4-B9FD-80ECBC20BA3E}</UniqueIdentifier>
      <Extensions>qrc;*</Extensions>
      <ParseFiles>false</ParseFiles>
    </Filter>
    <Filter Include="Resource Files">
      <UniqueIdentifier>{D9D6E242-F8AF-46E4-B9FD-80ECBC20BA3E}</UniqueIdentifier>
      <Extensions>qrc;*</Extensions>
      <ParseFiles>false</ParseFiles>
    </Filter>
    <Filter Include="Source Files">
      <UniqueIdentifier>{4FC737F1-C7A5-4376-A066-2A32D752A2FF}</UniqueIdentifier>
      <Extensions>cpp;c;cxx;def;odl;idl;hpj;bat;asm;asmx</Extensions>
    </Filter>
    <Filter Include="Source Files">
      <UniqueIdentifier>{4FC737F1-C7A5-4376-A066-2A32D752A2FF}</UniqueIdentifier>
      <Extensions>cpp;c;cxx;def;odl;idl;hpj;bat;asm;asmx</Extensions>
    </Filter>
    <Filter Include="Generated Files\Debug">
      <UniqueIdentifier>{11ae022f-ecbd-438c-bda6-3cdc6372136c}</UniqueIdentifier>
      <Extensions>cpp;moc</Extensions>
      <SourceControlFiles>False</SourceControlFiles>
    </Filter>
    <Filter Include="Generated Files\Release">
      <UniqueIdentifier>{e5996585-c4de-4a06-a60f-470b8b51604a}</UniqueIdentifier>
      <Extensions>cpp;moc</Extensions>
      <SourceControlFiles>False</SourceControlFiles>
    </Filter>
  </ItemGroup>
  <ItemGroup>
    <ClCompile Include="generate_print_func.cpp">
      <Filter>Source Files</Filter>
    </ClCompile>
    <ClCompile Include="printthread.cpp">
      <Filter>Source Files</Filter>
    </ClCompile>
    <ClCompile Include="Debug\moc_generate_print_func.cpp">
      <Filter>Generated Files\Debug</Filter>
    </ClCompile>
    <ClCompile Include="Release\moc_generate_print_func.cpp">
      <Filter>Generated Files\Release</Filter>
    </ClCompile>
    <ClCompile Include="Debug\moc_printthread.cpp">
      <Filter>Generated Files\Debug</Filter>
    </ClCompile>
    <ClCompile Include="Release\moc_printthread.cpp">
      <Filter>Generated Files\Release</Filter>
    </ClCompile>
    <ClCompile Include="GeneratedFiles\qrc_generate_print_func.cpp">
      <Filter>Generated Files</Filter>
    </ClCompile>
    <ClCompile Include="winapi_io.cpp">
      <Filter>Source Files</Filter>
    </ClCompile>
    <ClCompile Include="MediaTlvWriter.cpp">
      <Filter>Source Files</Filter>
    </ClCompile>
    <ClCompile Include="image_process.cpp">
      <Filter>Source Files</Filter>
    </ClCompile>
  </ItemGroup>
  <ItemGroup>
    <CustomBuild Include="generate_print_func.h">
      <Filter>Header Files</Filter>
    </CustomBuild>
    <CustomBuild Include="printthread.h">
      <Filter>Header Files</Filter>
    </CustomBuild>
    <CustomBuild Include="convertQI_CV.h">
      <Filter>Header Files</Filter>
    </CustomBuild>
    <CustomBuild Include="image_paralle.h">
      <Filter>Header Files</Filter>
    </CustomBuild>
    <CustomBuild Include="image_process.h">
      <Filter>Header Files</Filter>
    </CustomBuild>
    <CustomBuild Include="intercept.h">
      <Filter>Header Files</Filter>
    </CustomBuild>
    <CustomBuild Include="lcms2.h">
      <Filter>Header Files</Filter>
    </CustomBuild>
    <CustomBuild Include="lcms2_plugin.h">
      <Filter>Header Files</Filter>
    </CustomBuild>
    <CustomBuild Include="MediaProfile.h">
      <Filter>Header Files</Filter>
    </CustomBuild>
    <CustomBuild Include="MediaTlvReader.h">
      <Filter>Header Files</Filter>
    </CustomBuild>
    <CustomBuild Include="MediaTlvTags.h">
      <Filter>Header Files</Filter>
    </CustomBuild>
    <CustomBuild Include="MediaTlvWriter.h">
      <Filter>Header Files</Filter>
    </CustomBuild>
    <CustomBuild Include="MediaZJHeader.h">
      <Filter>Header Files</Filter>
    </CustomBuild>
    <CustomBuild Include="meshPackingTest.h">
      <Filter>Header Files</Filter>
    </CustomBuild>
    <CustomBuild Include="packingFunc.h">
      <Filter>Header Files</Filter>
    </CustomBuild>
    <CustomBuild Include="PepDmLayoutParams.h">
      <Filter>Header Files</Filter>
    </CustomBuild>
    <CustomBuild Include="PepDotReorgParams.h">
      <Filter>Header Files</Filter>
    </CustomBuild>
    <CustomBuild Include="RTree.h">
      <Filter>Header Files</Filter>
    </CustomBuild>
    <CustomBuild Include="sirius_print_job.h">
      <Filter>Header Files</Filter>
    </CustomBuild>
    <CustomBuild Include="slice_function.h">
      <Filter>Header Files</Filter>
    </CustomBuild>
    <CustomBuild Include="zxgen.h">
      <Filter>Header Files</Filter>
    </CustomBuild>
    <CustomBuild Include="image\dummy.png">
      <Filter>Resource Files</Filter>
    </CustomBuild>
    <CustomBuild Include="image\slice2.jpg">
      <Filter>Resource Files</Filter>
    </CustomBuild>
  </ItemGroup>
  <ItemGroup>
    <CustomBuild Include="generate_print_func.qrc">
      <Filter>Resource Files</Filter>
    </CustomBuild>
  </ItemGroup>
  <ItemGroup>
    <CustomBuild Include="gmpfrac.h">
      <Filter>Header Files</Filter>
    </CustomBuild>
    <CustomBuild Include="IAPI.h">
      <Filter>Header Files</Filter>
    </CustomBuild>
  </ItemGroup>
</Project>